{
  "version": 4,
  "terraform_version": "1.8.4",
  "serial": 9,
  "lineage": "5a32fbf5-08c1-8afc-ff9e-3a29cf3ad48c",
  "outputs": {
    "k8s_cluster_name": {
      "value": "sample-k8s-cluster",
      "type": "string"
    }
  },
  "resources": [
    {
      "mode": "managed",
      "type": "google_container_cluster",
      "name": "k8s_cluster",
      "provider": "provider[\"registry.terraform.io/hashicorp/google\"]",
      "instances": [
        {
          "schema_version": 2,
          "attributes": {
            "addons_config": [
              {
                "cloudrun_config": [],
                "config_connector_config": [],
                "dns_cache_config": [],
                "gce_persistent_disk_csi_driver_config": [
                  {
                    "enabled": true
                  }
                ],
                "gcp_filestore_csi_driver_config": [],
                "gcs_fuse_csi_driver_config": [],
                "gke_backup_agent_config": [],
                "horizontal_pod_autoscaling": [],
                "http_load_balancing": [],
                "network_policy_config": [
                  {
                    "disabled": true
                  }
                ],
                "stateful_ha_config": []
              }
            ],
            "allow_net_admin": null,
            "authenticator_groups_config": [],
            "binary_authorization": [
              {
                "enabled": false,
                "evaluation_mode": ""
              }
            ],
            "cluster_autoscaling": [
              {
                "auto_provisioning_defaults": [],
                "autoscaling_profile": "BALANCED",
                "enabled": false,
                "resource_limits": []
              }
            ],
            "cluster_ipv4_cidr": "10.56.0.0/14",
            "confidential_nodes": [],
            "cost_management_config": [],
            "database_encryption": [
              {
                "key_name": "",
                "state": "DECRYPTED"
              }
            ],
            "datapath_provider": "",
            "default_max_pods_per_node": 110,
            "default_snat_status": [
              {
                "disabled": false
              }
            ],
            "deletion_protection": true,
            "description": "",
            "dns_config": [],
            "enable_autopilot": false,
            "enable_cilium_clusterwide_network_policy": false,
            "enable_intranode_visibility": false,
            "enable_k8s_beta_apis": [],
            "enable_kubernetes_alpha": false,
            "enable_l4_ilb_subsetting": false,
            "enable_legacy_abac": false,
            "enable_shielded_nodes": true,
            "enable_tpu": false,
            "endpoint": "104.197.126.210",
            "fleet": [],
            "gateway_api_config": [],
            "id": "projects/learnproject-425520/locations/us-central1/clusters/sample-k8s-cluster",
            "identity_service_config": [],
            "initial_node_count": 1,
            "ip_allocation_policy": [
              {
                "additional_pod_ranges_config": [],
                "cluster_ipv4_cidr_block": "10.56.0.0/14",
                "cluster_secondary_range_name": "gke-sample-k8s-cluster-pods-98cd3101",
                "pod_cidr_overprovision_config": [
                  {
                    "disabled": false
                  }
                ],
                "services_ipv4_cidr_block": "34.118.224.0/20",
                "services_secondary_range_name": "",
                "stack_type": "IPV4"
              }
            ],
            "label_fingerprint": "a9dc16a7",
            "location": "us-central1",
            "logging_config": [
              {
                "enable_components": [
                  "SYSTEM_COMPONENTS",
                  "WORKLOADS"
                ]
              }
            ],
            "logging_service": "logging.googleapis.com/kubernetes",
            "maintenance_policy": [],
            "master_auth": [
              {
                "client_certificate": "",
                "client_certificate_config": [
                  {
                    "issue_client_certificate": false
                  }
                ],
                "client_key": "",
                "cluster_ca_certificate": "LS0tLS1CRUdJTiBDRVJUSUZJQ0FURS0tLS0tCk1JSUVMRENDQXBTZ0F3SUJBZ0lRYmJkNUVkUmxXaHl5OGp3WHltcGRJVEFOQmdrcWhraUc5dzBCQVFzRkFEQXYKTVMwd0t3WURWUVFERXlRMk9UUTRabVU0WkMxbE5UTXlMVFJqTWpNdE9UTTRNQzFoT0RjNU1qY3dOMlk0T1RRdwpJQmNOTWpRd05qQTFNVGt6TlRFeFdoZ1BNakExTkRBMU1qa3lNRE0xTVRGYU1DOHhMVEFyQmdOVkJBTVRKRFk1Ck5EaG1aVGhrTFdVMU16SXROR015TXkwNU16Z3dMV0U0TnpreU56QTNaamc1TkRDQ0FhSXdEUVlKS29aSWh2Y04KQVFFQkJRQURnZ0dQQURDQ0FZb0NnZ0dCQUs3N3U5UzZUa3ZZVERQS2dmU2NTcERQeEhOUC9kS1lwK3hVTlBMdQpBTUFla3BrRkhoTTRkSXB2UTlBZnFRTXg4eU0vNjZEMlJoZFBXZVppYXJ4d05WelpITnhPWnBzOXIrcXRhdVA3ClcrdUFFTGVueU9JM3Ardkl0eklsbWE0VkhwaFRLVS8vTWJ6Y05TTjQ5ZDNnU3gveHVJY05KczdNeWQySHRnTzQKN3pEdzFML2RmdkhSc290bWpDQkFFWHBWeHpFVmwxSTlkL1ZLVjEzakhod08xalIvNUhacS8vVEx0eHRCM0p2NwpCYjVZTFZ1bUJuaGVlWUtBWUFvOGl6TXp1dHRPVlBmbldvWGpsK2lwQStZNXl1QWtDRkxWUXV0VDBxTlB1aWRvClNpZ2ZZc2lUZVBSUG53Q2hyWXAyNGxxTFpoRHJDdkdqbjNCZ0NvU0pGSW10aFJJWDJ1ZkdWck91dG9FQVBLRGEKck1KQTNTWkpoNjBpR0h4Q0J6aXVscTVyK1VHVE9RY0xWdTIzUEhQUmZaUTZxZFp2RlZ3VjcvRXpFekpIRGR2dwpJVUtDSXBYOUFjZ21IaTd6YjYyc0JnVTBYUE1BZ3ZYWW5pOWtvWTRZcC9qcEdLbmlvOWR6RjR2azlKNGx0RlpZCmVIby9qalJGeTZsRndKUkJPS0toOXpzMWtRSURBUUFCbzBJd1FEQU9CZ05WSFE4QkFmOEVCQU1DQWdRd0R3WUQKVlIwVEFRSC9CQVV3QXdFQi96QWRCZ05WSFE0RUZnUVVyNlNCQmtMaEpwRmNVVnZRRUNMVjVIOVdNazR3RFFZSgpLb1pJaHZjTkFRRUxCUUFEZ2dHQkFHcmMzS2U1RGNWRmROR2RQeFBiMTd1bGN3d0tkVGVtU2IzUGU5YWRJRnBkCkgvZ3Z0VVB2MVZoNzVhRmEzTWJML09iUFRUV1ZzVVRtdlhrU0prRk83OWMvYUxsUTBVTy9yTUFSQjFkNDJzYzMKWUsxRHpXWGdhU1hIZEh4bDVQUjBhTHplY2xibjE2dzNXMGtIb2F6Z2JxYWFzQmVCWnpiV1QwSFgxR2lRTEl1bQpSL1J1NHFaRmFCSnh2dmdDWW5wWCtkOTlLcy9aMDhTZFJOeTlyVmtMdllmdHMzVlVxaEZhMWJJUXE0UzNKOW40CmZpNlBXTXhkS0VVaFpxZVRNd2llRXJMWFdxajNoRnVnNWI2R0VGRHJ4ZjhLcFhpbXh1NG5xb25YSXplTGo3aEsKcTJnL29sQmtqUm5OMkQ0ZHFIYkNTQnN3UEpXNW9uTWQ3dFBMaWk3WnFqUUpWTG0rY1JyVHdGOHQ3bjRSNGNMQwpsc1h2Q1JtbzZTaU1ObWlqMmpFWWw0akl1RFp1Z3FEQjdFUWZwenZ5cThENlhNS3l3eGpCRlIxT0JDODZwaDM5CmlLUlRSZXFodlNBcTRsWmdSanNYY2FGclpkS3hFa2trWnhVUUhHWHdEWXFIYTB5MVQ0ZGtvcEVLdmJaQUdTYmgKbmlJNDlHUXpoV0tpY2JPaVg0Qzg3Zz09Ci0tLS0tRU5EIENFUlRJRklDQVRFLS0tLS0K"
              }
            ],
            "master_authorized_networks_config": [],
            "master_version": "1.29.4-gke.1043002",
            "mesh_certificates": [],
            "min_master_version": "latest",
            "monitoring_config": [
              {
                "advanced_datapath_observability_config": [
                  {
                    "enable_metrics": false,
                    "enable_relay": false,
                    "relay_mode": "DISABLED"
                  }
                ],
                "enable_components": [
                  "SYSTEM_COMPONENTS"
                ],
                "managed_prometheus": [
                  {
                    "enabled": true
                  }
                ]
              }
            ],
            "monitoring_service": "monitoring.googleapis.com/kubernetes",
            "name": "sample-k8s-cluster",
            "network": "projects/learnproject-425520/global/networks/default",
            "network_policy": [
              {
                "enabled": false,
                "provider": "PROVIDER_UNSPECIFIED"
              }
            ],
            "networking_mode": "VPC_NATIVE",
            "node_config": [
              {
                "advanced_machine_features": [],
                "boot_disk_kms_key": "",
                "confidential_nodes": [],
                "containerd_config": [],
                "disk_size_gb": 100,
                "disk_type": "pd-balanced",
                "effective_taints": [],
                "enable_confidential_storage": false,
                "ephemeral_storage_local_ssd_config": [],
                "fast_socket": [],
                "gcfs_config": [],
                "guest_accelerator": [],
                "gvnic": [],
                "host_maintenance_policy": [],
                "image_type": "COS_CONTAINERD",
                "kubelet_config": [],
                "labels": {},
                "linux_node_config": [],
                "local_nvme_ssd_block_config": [],
                "local_ssd_count": 0,
                "logging_variant": "DEFAULT",
                "machine_type": "e2-medium",
                "metadata": {
                  "disable-legacy-endpoints": "true"
                },
                "min_cpu_platform": "",
                "node_group": "",
                "oauth_scopes": [
                  "https://www.googleapis.com/auth/devstorage.read_only",
                  "https://www.googleapis.com/auth/logging.write",
                  "https://www.googleapis.com/auth/monitoring",
                  "https://www.googleapis.com/auth/service.management.readonly",
                  "https://www.googleapis.com/auth/servicecontrol",
                  "https://www.googleapis.com/auth/trace.append"
                ],
                "preemptible": false,
                "reservation_affinity": [],
                "resource_labels": {},
                "resource_manager_tags": {},
                "secondary_boot_disks": [],
                "service_account": "default",
                "shielded_instance_config": [
                  {
                    "enable_integrity_monitoring": true,
                    "enable_secure_boot": false
                  }
                ],
                "sole_tenant_config": [],
                "spot": false,
                "tags": [],
                "taint": [],
                "workload_metadata_config": []
              }
            ],
            "node_locations": [
              "us-central1-a",
              "us-central1-c",
              "us-central1-f"
            ],
            "node_pool": [
              {
                "autoscaling": [],
                "initial_node_count": 1,
                "instance_group_urls": [
                  "https://www.googleapis.com/compute/v1/projects/learnproject-425520/zones/us-central1-a/instanceGroupManagers/gke-sample-k8s-cluster-default-pool-463d4d58-grp",
                  "https://www.googleapis.com/compute/v1/projects/learnproject-425520/zones/us-central1-c/instanceGroupManagers/gke-sample-k8s-cluster-default-pool-53b81579-grp",
                  "https://www.googleapis.com/compute/v1/projects/learnproject-425520/zones/us-central1-f/instanceGroupManagers/gke-sample-k8s-cluster-default-pool-eebef9c0-grp"
                ],
                "managed_instance_group_urls": [
                  "https://www.googleapis.com/compute/v1/projects/learnproject-425520/zones/us-central1-a/instanceGroups/gke-sample-k8s-cluster-default-pool-463d4d58-grp",
                  "https://www.googleapis.com/compute/v1/projects/learnproject-425520/zones/us-central1-c/instanceGroups/gke-sample-k8s-cluster-default-pool-53b81579-grp",
                  "https://www.googleapis.com/compute/v1/projects/learnproject-425520/zones/us-central1-f/instanceGroups/gke-sample-k8s-cluster-default-pool-eebef9c0-grp"
                ],
                "management": [
                  {
                    "auto_repair": true,
                    "auto_upgrade": true
                  }
                ],
                "max_pods_per_node": 110,
                "name": "default-pool",
                "name_prefix": "",
                "network_config": [
                  {
                    "create_pod_range": false,
                    "enable_private_nodes": false,
                    "network_performance_config": [],
                    "pod_cidr_overprovision_config": [],
                    "pod_ipv4_cidr_block": "10.56.0.0/14",
                    "pod_range": "gke-sample-k8s-cluster-pods-98cd3101"
                  }
                ],
                "node_config": [
                  {
                    "advanced_machine_features": [],
                    "boot_disk_kms_key": "",
                    "confidential_nodes": [],
                    "containerd_config": [],
                    "disk_size_gb": 100,
                    "disk_type": "pd-balanced",
                    "effective_taints": [],
                    "enable_confidential_storage": false,
                    "ephemeral_storage_local_ssd_config": [],
                    "fast_socket": [],
                    "gcfs_config": [],
                    "guest_accelerator": [],
                    "gvnic": [],
                    "host_maintenance_policy": [],
                    "image_type": "COS_CONTAINERD",
                    "kubelet_config": [],
                    "labels": {},
                    "linux_node_config": [],
                    "local_nvme_ssd_block_config": [],
                    "local_ssd_count": 0,
                    "logging_variant": "DEFAULT",
                    "machine_type": "e2-medium",
                    "metadata": {
                      "disable-legacy-endpoints": "true"
                    },
                    "min_cpu_platform": "",
                    "node_group": "",
                    "oauth_scopes": [
                      "https://www.googleapis.com/auth/devstorage.read_only",
                      "https://www.googleapis.com/auth/logging.write",
                      "https://www.googleapis.com/auth/monitoring",
                      "https://www.googleapis.com/auth/service.management.readonly",
                      "https://www.googleapis.com/auth/servicecontrol",
                      "https://www.googleapis.com/auth/trace.append"
                    ],
                    "preemptible": false,
                    "reservation_affinity": [],
                    "resource_labels": {},
                    "resource_manager_tags": {},
                    "secondary_boot_disks": [],
                    "service_account": "default",
                    "shielded_instance_config": [
                      {
                        "enable_integrity_monitoring": true,
                        "enable_secure_boot": false
                      }
                    ],
                    "sole_tenant_config": [],
                    "spot": false,
                    "tags": [],
                    "taint": [],
                    "workload_metadata_config": []
                  }
                ],
                "node_count": 1,
                "node_locations": [
                  "us-central1-a",
                  "us-central1-c",
                  "us-central1-f"
                ],
                "placement_policy": [],
                "queued_provisioning": [],
                "upgrade_settings": [
                  {
                    "blue_green_settings": [],
                    "max_surge": 1,
                    "max_unavailable": 0,
                    "strategy": "SURGE"
                  }
                ],
                "version": "1.29.4-gke.1043002"
              }
            ],
            "node_pool_auto_config": [],
            "node_pool_defaults": [
              {
                "node_config_defaults": [
                  {
                    "containerd_config": [],
                    "logging_variant": "DEFAULT"
                  }
                ]
              }
            ],
            "node_version": "1.29.4-gke.1043002",
            "notification_config": [
              {
                "pubsub": [
                  {
                    "enabled": false,
                    "filter": [],
                    "topic": ""
                  }
                ]
              }
            ],
            "operation": null,
            "private_cluster_config": [
              {
                "enable_private_endpoint": false,
                "enable_private_nodes": false,
                "master_global_access_config": [
                  {
                    "enabled": false
                  }
                ],
                "master_ipv4_cidr_block": "",
                "peering_name": "",
                "private_endpoint": "10.128.0.2",
                "private_endpoint_subnetwork": "",
                "public_endpoint": "104.197.126.210"
              }
            ],
            "private_ipv6_google_access": "",
            "project": "learnproject-425520",
            "release_channel": [
              {
                "channel": "REGULAR"
              }
            ],
            "remove_default_node_pool": null,
            "resource_labels": null,
            "resource_usage_export_config": [],
            "security_posture_config": [
              {
                "mode": "BASIC",
                "vulnerability_mode": "VULNERABILITY_MODE_UNSPECIFIED"
              }
            ],
            "self_link": "https://container.googleapis.com/v1/projects/learnproject-425520/locations/us-central1/clusters/sample-k8s-cluster",
            "service_external_ips_config": [
              {
                "enabled": false
              }
            ],
            "services_ipv4_cidr": "34.118.224.0/20",
            "subnetwork": "projects/learnproject-425520/regions/us-central1/subnetworks/default",
            "timeouts": null,
            "tpu_ipv4_cidr_block": "",
            "vertical_pod_autoscaling": [],
            "workload_identity_config": []
          },
          "sensitive_attributes": [
            [
              {
                "type": "get_attr",
                "value": "master_auth"
              },
              {
                "type": "index",
                "value": {
                  "value": 0,
                  "type": "number"
                }
              },
              {
                "type": "get_attr",
                "value": "client_key"
              }
            ]
          ],
          "private": "eyJlMmJmYjczMC1lY2FhLTExZTYtOGY4OC0zNDM2M2JjN2M0YzAiOnsiY3JlYXRlIjoyNDAwMDAwMDAwMDAwLCJkZWxldGUiOjI0MDAwMDAwMDAwMDAsInJlYWQiOjI0MDAwMDAwMDAwMDAsInVwZGF0ZSI6MzYwMDAwMDAwMDAwMH0sInNjaGVtYV92ZXJzaW9uIjoiMiJ9"
        }
      ]
    }
  ],
  "check_results": null
}
